
Microsoft Visual Studio Solution File, Format Version 12.00
# Visual Studio Version 16
VisualStudioVersion = 16.0.31613.86
MinimumVisualStudioVersion = 10.0.40219.1
Project("{9A19103F-16F7-4668-BE54-9A1E7A4F7556}") = "Primera app Razor", "Primera app Razor\Primera app Razor.csproj", "{4A04A6F0-A44F-404E-84A2-A981607F6C68}"
EndProject
Project("{FAE04EC0-301F-11D3-BF4B-00C04F79EFBC}") = "Practica 2", "Practica 2\Practica 2.csproj", "{1B81EFD4-8BFC-470C-8351-D24E47D84FA1}"
EndProject
Global
	GlobalSection(SolutionConfigurationPlatforms) = preSolution
		Debug|Any CPU = Debug|Any CPU
		Release|Any CPU = Release|Any CPU
	EndGlobalSection
	GlobalSection(ProjectConfigurationPlatforms) = postSolution
		{4A04A6F0-A44F-404E-84A2-A981607F6C68}.Debug|Any CPU.ActiveCfg = Debug|Any CPU
		{4A04A6F0-A44F-404E-84A2-A981607F6C68}.Debug|Any CPU.Build.0 = Debug|Any CPU
		{4A04A6F0-A44F-404E-84A2-A981607F6C68}.Release|Any CPU.ActiveCfg = Release|Any CPU
		{4A04A6F0-A44F-404E-84A2-A981607F6C68}.Release|Any CPU.Build.0 = Release|Any CPU
		{1B81EFD4-8BFC-470C-8351-D24E47D84FA1}.Debug|Any CPU.ActiveCfg = Debug|Any CPU
		{1B81EFD4-8BFC-470C-8351-D24E47D84FA1}.Debug|Any CPU.Build.0 = Debug|Any CPU
		{1B81EFD4-8BFC-470C-8351-D24E47D84FA1}.Release|Any CPU.ActiveCfg = Release|Any CPU
		{1B81EFD4-8BFC-470C-8351-D24E47D84FA1}.Release|Any CPU.Build.0 = Release|Any CPU
	EndGlobalSection
	GlobalSection(SolutionProperties) = preSolution
		HideSolutionNode = FALSE
	EndGlobalSection
	GlobalSection(ExtensibilityGlobals) = postSolution
		SolutionGuid = {1B61EF86-907F-46D1-8EE7-1769592C277F}
	EndGlobalSection
EndGlobal
